// !$*UTF8*$!
{
	archiveVersion = 1;
	classes = {
	};
	objectVersion = 55;
	objects = {

/* Begin PBXBuildFile section */
		9835E84827578FC900B4030D /* AppDelegate.swift in Sources */ = {isa = PBXBuildFile; fileRef = 9835E84727578FC900B4030D /* AppDelegate.swift */; };
		9835E84A27578FC900B4030D /* SceneDelegate.swift in Sources */ = {isa = PBXBuildFile; fileRef = 9835E84927578FC900B4030D /* SceneDelegate.swift */; };
		9835E84C27578FC900B4030D /* ViewController.swift in Sources */ = {isa = PBXBuildFile; fileRef = 9835E84B27578FC900B4030D /* ViewController.swift */; };
		9835E84F27578FC900B4030D /* Main.storyboard in Resources */ = {isa = PBXBuildFile; fileRef = 9835E84D27578FC900B4030D /* Main.storyboard */; };
		9835E85127578FCA00B4030D /* Assets.xcassets in Resources */ = {isa = PBXBuildFile; fileRef = 9835E85027578FCA00B4030D /* Assets.xcassets */; };
		9835E85427578FCA00B4030D /* LaunchScreen.storyboard in Resources */ = {isa = PBXBuildFile; fileRef = 9835E85227578FCA00B4030D /* LaunchScreen.storyboard */; };
		9835E85D2757919F00B4030D /* UnplashPostTableViewCell.swift in Sources */ = {isa = PBXBuildFile; fileRef = 9835E85B2757919F00B4030D /* UnplashPostTableViewCell.swift */; };
		9835E85E2757919F00B4030D /* UnplashPostTableViewCell.xib in Resources */ = {isa = PBXBuildFile; fileRef = 9835E85C2757919F00B4030D /* UnplashPostTableViewCell.xib */; };
		9882A3002757C83100F5FD58 /* ClientAPI.swift in Sources */ = {isa = PBXBuildFile; fileRef = 9882A2FF2757C83100F5FD58 /* ClientAPI.swift */; };
		9882A3022757CF2700F5FD58 /* UnplashPostModel.swift in Sources */ = {isa = PBXBuildFile; fileRef = 9882A3012757CF2700F5FD58 /* UnplashPostModel.swift */; };
		9882A30A2757FF7B00F5FD58 /* ImageLoader.swift in Sources */ = {isa = PBXBuildFile; fileRef = 9882A3092757FF7B00F5FD58 /* ImageLoader.swift */; };
		988FA21827592AB700ECD29F /* UnplashPhotoModel.swift in Sources */ = {isa = PBXBuildFile; fileRef = 988FA21727592AB700ECD29F /* UnplashPhotoModel.swift */; };
/* End PBXBuildFile section */

/* Begin PBXFileReference section */
		9835E84427578FC900B4030D /* UnsplashFeed.app */ = {isa = PBXFileReference; explicitFileType = wrapper.application; includeInIndex = 0; path = UnsplashFeed.app; sourceTree = BUILT_PRODUCTS_DIR; };
		9835E84727578FC900B4030D /* AppDelegate.swift */ = {isa = PBXFileReference; lastKnownFileType = sourcecode.swift; path = AppDelegate.swift; sourceTree = "<group>"; };
		9835E84927578FC900B4030D /* SceneDelegate.swift */ = {isa = PBXFileReference; lastKnownFileType = sourcecode.swift; path = SceneDelegate.swift; sourceTree = "<group>"; };
		9835E84B27578FC900B4030D /* ViewController.swift */ = {isa = PBXFileReference; lastKnownFileType = sourcecode.swift; path = ViewController.swift; sourceTree = "<group>"; };
		9835E84E27578FC900B4030D /* Base */ = {isa = PBXFileReference; lastKnownFileType = file.storyboard; name = Base; path = Base.lproj/Main.storyboard; sourceTree = "<group>"; };
		9835E85027578FCA00B4030D /* Assets.xcassets */ = {isa = PBXFileReference; lastKnownFileType = folder.assetcatalog; path = Assets.xcassets; sourceTree = "<group>"; };
		9835E85327578FCA00B4030D /* Base */ = {isa = PBXFileReference; lastKnownFileType = file.storyboard; name = Base; path = Base.lproj/LaunchScreen.storyboard; sourceTree = "<group>"; };
		9835E85527578FCA00B4030D /* Info.plist */ = {isa = PBXFileReference; lastKnownFileType = text.plist.xml; path = Info.plist; sourceTree = "<group>"; };
		9835E85B2757919F00B4030D /* UnplashPostTableViewCell.swift */ = {isa = PBXFileReference; lastKnownFileType = sourcecode.swift; path = UnplashPostTableViewCell.swift; sourceTree = "<group>"; };
		9835E85C2757919F00B4030D /* UnplashPostTableViewCell.xib */ = {isa = PBXFileReference; lastKnownFileType = file.xib; path = UnplashPostTableViewCell.xib; sourceTree = "<group>"; };
		9882A2FF2757C83100F5FD58 /* ClientAPI.swift */ = {isa = PBXFileReference; lastKnownFileType = sourcecode.swift; path = ClientAPI.swift; sourceTree = "<group>"; };
		9882A3012757CF2700F5FD58 /* UnplashPostModel.swift */ = {isa = PBXFileReference; lastKnownFileType = sourcecode.swift; path = UnplashPostModel.swift; sourceTree = "<group>"; };
		9882A3092757FF7B00F5FD58 /* ImageLoader.swift */ = {isa = PBXFileReference; lastKnownFileType = sourcecode.swift; path = ImageLoader.swift; sourceTree = "<group>"; };
		988FA21727592AB700ECD29F /* UnplashPhotoModel.swift */ = {isa = PBXFileReference; lastKnownFileType = sourcecode.swift; path = UnplashPhotoModel.swift; sourceTree = "<group>"; };
/* End PBXFileReference section */

/* Begin PBXFrameworksBuildPhase section */
		9835E84127578FC900B4030D /* Frameworks */ = {
			isa = PBXFrameworksBuildPhase;
			buildActionMask = 2147483647;
			files = (
			);
			runOnlyForDeploymentPostprocessing = 0;
		};
/* End PBXFrameworksBuildPhase section */

/* Begin PBXGroup section */
		9835E83B27578FC900B4030D = {
			isa = PBXGroup;
			children = (
				9835E84627578FC900B4030D /* UnsplashFeed */,
				9835E84527578FC900B4030D /* Products */,
			);
			sourceTree = "<group>";
		};
		9835E84527578FC900B4030D /* Products */ = {
			isa = PBXGroup;
			children = (
				9835E84427578FC900B4030D /* UnsplashFeed.app */,
			);
			name = Products;
			sourceTree = "<group>";
		};
		9835E84627578FC900B4030D /* UnsplashFeed */ = {
			isa = PBXGroup;
			children = (
				9835E84727578FC900B4030D /* AppDelegate.swift */,
				9835E84927578FC900B4030D /* SceneDelegate.swift */,
				9835E84B27578FC900B4030D /* ViewController.swift */,
				9835E84D27578FC900B4030D /* Main.storyboard */,
				9835E85027578FCA00B4030D /* Assets.xcassets */,
				9835E85227578FCA00B4030D /* LaunchScreen.storyboard */,
				9835E85527578FCA00B4030D /* Info.plist */,
				9835E85B2757919F00B4030D /* UnplashPostTableViewCell.swift */,
				9835E85C2757919F00B4030D /* UnplashPostTableViewCell.xib */,
				9882A2FF2757C83100F5FD58 /* ClientAPI.swift */,
				9882A3012757CF2700F5FD58 /* UnplashPostModel.swift */,
				9882A3092757FF7B00F5FD58 /* ImageLoader.swift */,
				988FA21727592AB700ECD29F /* UnplashPhotoModel.swift */,
			);
			path = UnsplashFeed;
			sourceTree = "<group>";
		};
/* End PBXGroup section */

/* Begin PBXNativeTarget section */
		9835E84327578FC900B4030D /* UnsplashFeed */ = {
			isa = PBXNativeTarget;
			buildConfigurationList = 9835E85827578FCA00B4030D /* Build configuration list for PBXNativeTarget "UnsplashFeed" */;
			buildPhases = (
				9835E84027578FC900B4030D /* Sources */,
				9835E84127578FC900B4030D /* Frameworks */,
				9835E84227578FC900B4030D /* Resources */,
			);
			buildRules = (
			);
			dependencies = (
			);
			name = UnsplashFeed;
			productName = UnsplashFeed;
			productReference = 9835E84427578FC900B4030D /* UnsplashFeed.app */;
			productType = "com.apple.product-type.application";
		};
/* End PBXNativeTarget section */

/* Begin PBXProject section */
		9835E83C27578FC900B4030D /* Project object */ = {
			isa = PBXProject;
			attributes = {
				BuildIndependentTargetsInParallel = 1;
				LastSwiftUpdateCheck = 1310;
				LastUpgradeCheck = 1310;
				TargetAttributes = {
					9835E84327578FC900B4030D = {
						CreatedOnToolsVersion = 13.1;
					};
				};
			};
			buildConfigurationList = 9835E83F27578FC900B4030D /* Build configuration list for PBXProject "UnsplashFeed" */;
			compatibilityVersion = "Xcode 13.0";
			developmentRegion = en;
			hasScannedForEncodings = 0;
			knownRegions = (
				en,
				Base,
			);
			mainGroup = 9835E83B27578FC900B4030D;
			productRefGroup = 9835E84527578FC900B4030D /* Products */;
			projectDirPath = "";
			projectRoot = "";
			targets = (
				9835E84327578FC900B4030D /* UnsplashFeed */,
			);
		};
/* End PBXProject section */

/* Begin PBXResourcesBuildPhase section */
		9835E84227578FC900B4030D /* Resources */ = {
			isa = PBXResourcesBuildPhase;
			buildActionMask = 2147483647;
			files = (
				9835E85427578FCA00B4030D /* LaunchScreen.storyboard in Resources */,
				9835E85E2757919F00B4030D /* UnplashPostTableViewCell.xib in Resources */,
				9835E85127578FCA00B4030D /* Assets.xcassets in Resources */,
				9835E84F27578FC900B4030D /* Main.storyboard in Resources */,
			);
			runOnlyForDeploymentPostprocessing = 0;
		};
/* End PBXResourcesBuildPhase section */

/* Begin PBXSourcesBuildPhase section */
		9835E84027578FC900B4030D /* Sources */ = {
			isa = PBXSourcesBuildPhase;
			buildActionMask = 2147483647;
			files = (
				988FA21827592AB700ECD29F /* UnplashPhotoModel.swift in Sources */,
				9882A30A2757FF7B00F5FD58 /* ImageLoader.swift in Sources */,
				9835E84C27578FC900B4030D /* ViewController.swift in Sources */,
				9835E85D2757919F00B4030D /* UnplashPostTableViewCell.swift in Sources */,
				9835E84827578FC900B4030D /* AppDelegate.swift in Sources */,
				9882A3022757CF2700F5FD58 /* UnplashPostModel.swift in Sources */,
				9882A3002757C83100F5FD58 /* ClientAPI.swift in Sources */,
				9835E84A27578FC900B4030D /* SceneDelegate.swift in Sources */,
			);
			runOnlyForDeploymentPostprocessing = 0;
		};
/* End PBXSourcesBuildPhase section */

/* Begin PBXVariantGroup section */
		9835E84D27578FC900B4030D /* Main.storyboard */ = {
			isa = PBXVariantGroup;
			children = (
				9835E84E27578FC900B4030D /* Base */,
			);
			name = Main.storyboard;
			sourceTree = "<group>";
		};
		9835E85227578FCA00B4030D /* LaunchScreen.storyboard */ = {
			isa = PBXVariantGroup;
			children = (
				9835E85327578FCA00B4030D /* Base */,
			);
			name = LaunchScreen.storyboard;
			sourceTree = "<group>";
		};
/* End PBXVariantGroup section */

/* Begin XCBuildConfiguration section */
		9835E85627578FCA00B4030D /* Debug */ = {
			isa = XCBuildConfiguration;
			buildSettings = {
				ALWAYS_SEARCH_USER_PATHS = NO;
				CLANG_ANALYZER_NONNULL = YES;
				CLANG_ANALYZER_NUMBER_OBJECT_CONVERSION = YES_AGGRESSIVE;
				CLANG_CXX_LANGUAGE_STANDARD = "gnu++17";
				CLANG_CXX_LIBRARY = "libc++";
				CLANG_ENABLE_MODULES = YES;
				CLANG_ENABLE_OBJC_ARC = YES;
				CLANG_ENABLE_OBJC_WEAK = YES;
				CLANG_WARN_BLOCK_CAPTURE_AUTORELEASING = YES;
				CLANG_WARN_BOOL_CONVERSION = YES;
				CLANG_WARN_COMMA = YES;
				CLANG_WARN_CONSTANT_CONVERSION = YES;
				CLANG_WARN_DEPRECATED_OBJC_IMPLEMENTATIONS = YES;
				CLANG_WARN_DIRECT_OBJC_ISA_USAGE = YES_ERROR;
				CLANG_WARN_DOCUMENTATION_COMMENTS = YES;
				CLANG_WARN_EMPTY_BODY = YES;
				CLANG_WARN_ENUM_CONVERSION = YES;
				CLANG_WARN_INFINITE_RECURSION = YES;
				CLANG_WARN_INT_CONVERSION = YES;
				CLANG_WARN_NON_LITERAL_NULL_CONVERSION = YES;
				CLANG_WARN_OBJC_IMPLICIT_RETAIN_SELF = YES;
				CLANG_WARN_OBJC_LITERAL_CONVERSION = YES;
				CLANG_WARN_OBJC_ROOT_CLASS = YES_ERROR;
				CLANG_WARN_QUOTED_INCLUDE_IN_FRAMEWORK_HEADER = YES;
				CLANG_WARN_RANGE_LOOP_ANALYSIS = YES;
				CLANG_WARN_STRICT_PROTOTYPES = YES;
				CLANG_WARN_SUSPICIOUS_MOVE = YES;
				CLANG_WARN_UNGUARDED_AVAILABILITY = YES_AGGRESSIVE;
				CLANG_WARN_UNREACHABLE_CODE = YES;
				CLANG_WARN__DUPLICATE_METHOD_MATCH = YES;
				COPY_PHASE_STRIP = NO;
				DEBUG_INFORMATION_FORMAT = dwarf;
				ENABLE_STRICT_OBJC_MSGSEND = YES;
				ENABLE_TESTABILITY = YES;
				GCC_C_LANGUAGE_STANDARD = gnu11;
				GCC_DYNAMIC_NO_PIC = NO;
				GCC_NO_COMMON_BLOCKS = YES;
				GCC_OPTIMIZATION_LEVEL = 0;
				GCC_PREPROCESSOR_DEFINITIONS = (
					"DEBUG=1",
					"$(inherited)",
				);
				GCC_WARN_64_TO_32_BIT_CONVERSION = YES;
				GCC_WARN_ABOUT_RETURN_TYPE = YES_ERROR;
				GCC_WARN_UNDECLARED_SELECTOR = YES;
				GCC_WARN_UNINITIALIZED_AUTOS = YES_AGGRESSIVE;
				GCC_WARN_UNUSED_FUNCTION = YES;
				GCC_WARN_UNUSED_VARIABLE = YES;
				IPHONEOS_DEPLOYMENT_TARGET = 15.0;
				MTL_ENABLE_DEBUG_INFO = INCLUDE_SOURCE;
				MTL_FAST_MATH = YES;
				ONLY_ACTIVE_ARCH = YES;
				SDKROOT = iphoneos;
				SWIFT_ACTIVE_COMPILATION_CONDITIONS = DEBUG;
				SWIFT_OPTIMIZATION_LEVEL = "-Onone";
			};
			name = Debug;
		};
		9835E85727578FCA00B4030D /* Release */ = {
			isa = XCBuildConfiguration;
			buildSettings = {
				ALWAYS_SEARCH_USER_PATHS = NO;
				CLANG_ANALYZER_NONNULL = YES;
				CLANG_ANALYZER_NUMBER_OBJECT_CONVERSION = YES_AGGRESSIVE;
				CLANG_CXX_LANGUAGE_STANDARD = "gnu++17";
				CLANG_CXX_LIBRARY = "libc++";
				CLANG_ENABLE_MODULES = YES;
				CLANG_ENABLE_OBJC_ARC = YES;
				CLANG_ENABLE_OBJC_WEAK = YES;
				CLANG_WARN_BLOCK_CAPTURE_AUTORELEASING = YES;
				CLANG_WARN_BOOL_CONVERSION = YES;
				CLANG_WARN_COMMA = YES;
				CLANG_WARN_CONSTANT_CONVERSION = YES;
				CLANG_WARN_DEPRECATED_OBJC_IMPLEMENTATIONS = YES;
				CLANG_WARN_DIRECT_OBJC_ISA_USAGE = YES_ERROR;
				CLANG_WARN_DOCUMENTATION_COMMENTS = YES;
				CLANG_WARN_EMPTY_BODY = YES;
				CLANG_WARN_ENUM_CONVERSION = YES;
				CLANG_WARN_INFINITE_RECURSION = YES;
				CLANG_WARN_INT_CONVERSION = YES;
				CLANG_WARN_NON_LITERAL_NULL_CONVERSION = YES;
				CLANG_WARN_OBJC_IMPLICIT_RETAIN_SELF = YES;
				CLANG_WARN_OBJC_LITERAL_CONVERSION = YES;
				CLANG_WARN_OBJC_ROOT_CLASS = YES_ERROR;
				CLANG_WARN_QUOTED_INCLUDE_IN_FRAMEWORK_HEADER = YES;
				CLANG_WARN_RANGE_LOOP_ANALYSIS = YES;
				CLANG_WARN_STRICT_PROTOTYPES = YES;
				CLANG_WARN_SUSPICIOUS_MOVE = YES;
				CLANG_WARN_UNGUARDED_AVAILABILITY = YES_AGGRESSIVE;
				CLANG_WARN_UNREACHABLE_CODE = YES;
				CLANG_WARN__DUPLICATE_METHOD_MATCH = YES;
				COPY_PHASE_STRIP = NO;
				DEBUG_INFORMATION_FORMAT = "dwarf-with-dsym";
				ENABLE_NS_ASSERTIONS = NO;
				ENABLE_STRICT_OBJC_MSGSEND = YES;
				GCC_C_LANGUAGE_STANDARD = gnu11;
				GCC_NO_COMMON_BLOCKS = YES;
				GCC_WARN_64_TO_32_BIT_CONVERSION = YES;
				GCC_WARN_ABOUT_RETURN_TYPE = YES_ERROR;
				GCC_WARN_UNDECLARED_SELECTOR = YES;
				GCC_WARN_UNINITIALIZED_AUTOS = YES_AGGRESSIVE;
				GCC_WARN_UNUSED_FUNCTION = YES;
				GCC_WARN_UNUSED_VARIABLE = YES;
				IPHONEOS_DEPLOYMENT_TARGET = 15.0;
				MTL_ENABLE_DEBUG_INFO = NO;
				MTL_FAST_MATH = YES;
				SDKROOT = iphoneos;
				SWIFT_COMPILATION_MODE = wholemodule;
				SWIFT_OPTIMIZATION_LEVEL = "-O";
				VALIDATE_PRODUCT = YES;
			};
			name = Release;
		};
		9835E85927578FCA00B4030D /* Debug */ = {
			isa = XCBuildConfiguration;
			buildSettings = {
				ASSETCATALOG_COMPILER_APPICON_NAME = AppIcon;
				ASSETCATALOG_COMPILER_GLOBAL_ACCENT_COLOR_NAME = AccentColor;
				CODE_SIGN_STYLE = Automatic;
				CURRENT_PROJECT_VERSION = 1;
				DEVELOPMENT_TEAM = 66MMSGR897;
				GENERATE_INFOPLIST_FILE = YES;
				INFOPLIST_FILE = UnsplashFeed/Info.plist;
				INFOPLIST_KEY_UIApplicationSupportsIndirectInputEvents = YES;
				INFOPLIST_KEY_UILaunchStoryboardName = LaunchScreen;
				INFOPLIST_KEY_UIMainStoryboardFile = Main;
				INFOPLIST_KEY_UISupportedInterfaceOrientations_iPad = "UIInterfaceOrientationPortrait UIInterfaceOrientationPortraitUpsideDown UIInterfaceOrientationLandscapeLeft UIInterfaceOrientationLandscapeRight";
				INFOPLIST_KEY_UISupportedInterfaceOrientations_iPhone = "UIInterfaceOrientationPortrait UIInterfaceOrientationLandscapeLeft UIInterfaceOrientationLandscapeRight";
				LD_RUNPATH_SEARCH_PATHS = (
					"$(inherited)",
					"@executable_path/Frameworks",
				);
				MARKETING_VERSION = 1.0;
				PRODUCT_BUNDLE_IDENTIFIER = phupk.demo.UnsplashFeed;
				PRODUCT_NAME = "$(TARGET_NAME)";
				SWIFT_EMIT_LOC_STRINGS = YES;
				SWIFT_VERSION = 5.0;
				TARGETED_DEVICE_FAMILY = "1,2";
			};
			name = Debug;
		};
		9835E85A27578FCA00B4030D /* Release */ = {
			isa = XCBuildConfiguration;
			buildSettings = {
				ASSETCATALOG_COMPILER_APPICON_NAME = AppIcon;
				ASSETCATALOG_COMPILER_GLOBAL_ACCENT_COLOR_NAME = AccentColor;
				CODE_SIGN_STYLE = Automatic;
				CURRENT_PROJECT_VERSION = 1;
				DEVELOPMENT_TEAM = 66MMSGR897;
				GENERATE_INFOPLIST_FILE = YES;
				INFOPLIST_FILE = UnsplashFeed/Info.plist;
				INFOPLIST_KEY_UIApplicationSupportsIndirectInputEvents = YES;
				INFOPLIST_KEY_UILaunchStoryboardName = LaunchScreen;
				INFOPLIST_KEY_UIMainStoryboardFile = Main;
				INFOPLIST_KEY_UISupportedInterfaceOrientations_iPad = "UIInterfaceOrientationPortrait UIInterfaceOrientationPortraitUpsideDown UIInterfaceOrientationLandscapeLeft UIInterfaceOrientationLandscapeRight";
				INFOPLIST_KEY_UISupportedInterfaceOrientations_iPhone = "UIInterfaceOrientationPortrait UIInterfaceOrientationLandscapeLeft UIInterfaceOrientationLandscapeRight";
				LD_RUNPATH_SEARCH_PATHS = (
					"$(inherited)",
					"@executable_path/Frameworks",
				);
				MARKETING_VERSION = 1.0;
				PRODUCT_BUNDLE_IDENTIFIER = phupk.demo.UnsplashFeed;
				PRODUCT_NAME = "$(TARGET_NAME)";
				SWIFT_EMIT_LOC_STRINGS = YES;
				SWIFT_VERSION = 5.0;
				TARGETED_DEVICE_FAMILY = "1,2";
			};
			name = Release;
		};
/* End XCBuildConfiguration section */

/* Begin XCConfigurationList section */
		9835E83F27578FC900B4030D /* Build configuration list for PBXProject "UnsplashFeed" */ = {
			isa = XCConfigurationList;
			buildConfigurations = (
				9835E85627578FCA00B4030D /* Debug */,
				9835E85727578FCA00B4030D /* Release */,
			);
			defaultConfigurationIsVisible = 0;
			defaultConfigurationName = Release;
		};
		9835E85827578FCA00B4030D /* Build configuration list for PBXNativeTarget "UnsplashFeed" */ = {
			isa = XCConfigurationList;
			buildConfigurations = (
				9835E85927578FCA00B4030D /* Debug */,
				9835E85A27578FCA00B4030D /* Release */,
			);
			defaultConfigurationIsVisible = 0;
			defaultConfigurationName = Release;
		};
/* End XCConfigurationList section */
	};
	rootObject = 9835E83C27578FC900B4030D /* Project object */;
}
